<Solution>
  <Folder Name="/main/" />
  <Folder Name="/main/src/">
    <Project Path="main/src/UltimateHospital.DbMigrator/UltimateHospital.DbMigrator.csproj" />
    <Project Path="main/src/UltimateHospital.HttpApi.Host/UltimateHospital.HttpApi.Host.csproj" />
    <Project Path="main/src/UltimateHospital.RuntimeInfrastructure/UltimateHospital.RuntimeInfrastructure.csproj" />
  </Folder>
  <Folder Name="/src/">
    <Project Path="src/UltimateHospital.AppHost/UltimateHospital.AppHost.csproj" />
    <Project Path="src/UltimateHospital.ServiceDefaults/UltimateHospital.ServiceDefaults.csproj" />
  </Folder>
  <Folder Name="/tests/">
    <Project Path="tests/UltimateHospital.ArchitectureTests/UltimateHospital.ArchitectureTests.csproj" />
    <Project Path="tests/UltimateHospital.IntegrationTests/UltimateHospital.IntegrationTests.csproj" />
  </Folder>
</Solution>
